// !$*UTF8*$!
{
	archiveVersion = 1;
	classes = {
	};
	objectVersion = 46;
	objects = {

/* Begin PBXBuildFile section */
		A9070BD81DE95EE7000B94D0 /* AppDelegate.swift in Sources */ = {isa = PBXBuildFile; fileRef = A9070BD71DE95EE7000B94D0 /* AppDelegate.swift */; };
		A9070BDA1DE95EE7000B94D0 /* ViewController.swift in Sources */ = {isa = PBXBuildFile; fileRef = A9070BD91DE95EE7000B94D0 /* ViewController.swift */; };
		A9070BDD1DE95EE7000B94D0 /* Main.storyboard in Resources */ = {isa = PBXBuildFile; fileRef = A9070BDB1DE95EE7000B94D0 /* Main.storyboard */; };
		A9070BDF1DE95EE7000B94D0 /* Assets.xcassets in Resources */ = {isa = PBXBuildFile; fileRef = A9070BDE1DE95EE7000B94D0 /* Assets.xcassets */; };
		A9070BE21DE95EE7000B94D0 /* LaunchScreen.storyboard in Resources */ = {isa = PBXBuildFile; fileRef = A9070BE01DE95EE7000B94D0 /* LaunchScreen.storyboard */; };
		A9070BED1DE95EE7000B94D0 /* WeatherThereIsNewsOrNotTests.swift in Sources */ = {isa = PBXBuildFile; fileRef = A9070BEC1DE95EE7000B94D0 /* WeatherThereIsNewsOrNotTests.swift */; };
		A9070BF81DE95EE7000B94D0 /* WeatherThereIsNewsOrNotUITests.swift in Sources */ = {isa = PBXBuildFile; fileRef = A9070BF71DE95EE7000B94D0 /* WeatherThereIsNewsOrNotUITests.swift */; };
/* End PBXBuildFile section */

/* Begin PBXContainerItemProxy section */
		A9070BE91DE95EE7000B94D0 /* PBXContainerItemProxy */ = {
			isa = PBXContainerItemProxy;
			containerPortal = A9070BCC1DE95EE7000B94D0 /* Project object */;
			proxyType = 1;
			remoteGlobalIDString = A9070BD31DE95EE7000B94D0;
			remoteInfo = WeatherThereIsNewsOrNot;
		};
		A9070BF41DE95EE7000B94D0 /* PBXContainerItemProxy */ = {
			isa = PBXContainerItemProxy;
			containerPortal = A9070BCC1DE95EE7000B94D0 /* Project object */;
			proxyType = 1;
			remoteGlobalIDString = A9070BD31DE95EE7000B94D0;
			remoteInfo = WeatherThereIsNewsOrNot;
		};
/* End PBXContainerItemProxy section */

/* Begin PBXFileReference section */
		A9070BD41DE95EE7000B94D0 /* WeatherThereIsNewsOrNot.app */ = {isa = PBXFileReference; explicitFileType = wrapper.application; includeInIndex = 0; path = WeatherThereIsNewsOrNot.app; sourceTree = BUILT_PRODUCTS_DIR; };
		A9070BD71DE95EE7000B94D0 /* AppDelegate.swift */ = {isa = PBXFileReference; lastKnownFileType = sourcecode.swift; path = AppDelegate.swift; sourceTree = "<group>"; };
		A9070BD91DE95EE7000B94D0 /* ViewController.swift */ = {isa = PBXFileReference; lastKnownFileType = sourcecode.swift; path = ViewController.swift; sourceTree = "<group>"; };
		A9070BDC1DE95EE7000B94D0 /* Base */ = {isa = PBXFileReference; lastKnownFileType = file.storyboard; name = Base; path = Base.lproj/Main.storyboard; sourceTree = "<group>"; };
		A9070BDE1DE95EE7000B94D0 /* Assets.xcassets */ = {isa = PBXFileReference; lastKnownFileType = folder.assetcatalog; path = Assets.xcassets; sourceTree = "<group>"; };
		A9070BE11DE95EE7000B94D0 /* Base */ = {isa = PBXFileReference; lastKnownFileType = file.storyboard; name = Base; path = Base.lproj/LaunchScreen.storyboard; sourceTree = "<group>"; };
		A9070BE31DE95EE7000B94D0 /* Info.plist */ = {isa = PBXFileReference; lastKnownFileType = text.plist.xml; path = Info.plist; sourceTree = "<group>"; };
		A9070BE81DE95EE7000B94D0 /* WeatherThereIsNewsOrNotTests.xctest */ = {isa = PBXFileReference; explicitFileType = wrapper.cfbundle; includeInIndex = 0; path = WeatherThereIsNewsOrNotTests.xctest; sourceTree = BUILT_PRODUCTS_DIR; };
		A9070BEC1DE95EE7000B94D0 /* WeatherThereIsNewsOrNotTests.swift */ = {isa = PBXFileReference; lastKnownFileType = sourcecode.swift; path = WeatherThereIsNewsOrNotTests.swift; sourceTree = "<group>"; };
		A9070BEE1DE95EE7000B94D0 /* Info.plist */ = {isa = PBXFileReference; lastKnownFileType = text.plist.xml; path = Info.plist; sourceTree = "<group>"; };
		A9070BF31DE95EE7000B94D0 /* WeatherThereIsNewsOrNotUITests.xctest */ = {isa = PBXFileReference; explicitFileType = wrapper.cfbundle; includeInIndex = 0; path = WeatherThereIsNewsOrNotUITests.xctest; sourceTree = BUILT_PRODUCTS_DIR; };
		A9070BF71DE95EE7000B94D0 /* WeatherThereIsNewsOrNotUITests.swift */ = {isa = PBXFileReference; lastKnownFileType = sourcecode.swift; path = WeatherThereIsNewsOrNotUITests.swift; sourceTree = "<group>"; };
		A9070BF91DE95EE7000B94D0 /* Info.plist */ = {isa = PBXFileReference; lastKnownFileType = text.plist.xml; path = Info.plist; sourceTree = "<group>"; };
/* End PBXFileReference section */

/* Begin PBXFrameworksBuildPhase section */
		A9070BD11DE95EE7000B94D0 /* Frameworks */ = {
			isa = PBXFrameworksBuildPhase;
			buildActionMask = 2147483647;
			files = (
			);
			runOnlyForDeploymentPostprocessing = 0;
		};
		A9070BE51DE95EE7000B94D0 /* Frameworks */ = {
			isa = PBXFrameworksBuildPhase;
			buildActionMask = 2147483647;
			files = (
			);
			runOnlyForDeploymentPostprocessing = 0;
		};
		A9070BF01DE95EE7000B94D0 /* Frameworks */ = {
			isa = PBXFrameworksBuildPhase;
			buildActionMask = 2147483647;
			files = (
			);
			runOnlyForDeploymentPostprocessing = 0;
		};
/* End PBXFrameworksBuildPhase section */

/* Begin PBXGroup section */
		A9070BCB1DE95EE7000B94D0 = {
			isa = PBXGroup;
			children = (
				A9070BD61DE95EE7000B94D0 /* WeatherThereIsNewsOrNot */,
				A9070BEB1DE95EE7000B94D0 /* WeatherThereIsNewsOrNotTests */,
				A9070BF61DE95EE7000B94D0 /* WeatherThereIsNewsOrNotUITests */,
				A9070BD51DE95EE7000B94D0 /* Products */,
			);
			sourceTree = "<group>";
		};
		A9070BD51DE95EE7000B94D0 /* Products */ = {
			isa = PBXGroup;
			children = (
				A9070BD41DE95EE7000B94D0 /* WeatherThereIsNewsOrNot.app */,
				A9070BE81DE95EE7000B94D0 /* WeatherThereIsNewsOrNotTests.xctest */,
				A9070BF31DE95EE7000B94D0 /* WeatherThereIsNewsOrNotUITests.xctest */,
			);
			name = Products;
			sourceTree = "<group>";
		};
		A9070BD61DE95EE7000B94D0 /* WeatherThereIsNewsOrNot */ = {
			isa = PBXGroup;
			children = (
				A9070BD71DE95EE7000B94D0 /* AppDelegate.swift */,
				A9070BD91DE95EE7000B94D0 /* ViewController.swift */,
				A9070BDB1DE95EE7000B94D0 /* Main.storyboard */,
				A9070BDE1DE95EE7000B94D0 /* Assets.xcassets */,
				A9070BE01DE95EE7000B94D0 /* LaunchScreen.storyboard */,
				A9070BE31DE95EE7000B94D0 /* Info.plist */,
			);
			path = WeatherThereIsNewsOrNot;
			sourceTree = "<group>";
		};
		A9070BEB1DE95EE7000B94D0 /* WeatherThereIsNewsOrNotTests */ = {
			isa = PBXGroup;
			children = (
				A9070BEC1DE95EE7000B94D0 /* WeatherThereIsNewsOrNotTests.swift */,
				A9070BEE1DE95EE7000B94D0 /* Info.plist */,
			);
			path = WeatherThereIsNewsOrNotTests;
			sourceTree = "<group>";
		};
		A9070BF61DE95EE7000B94D0 /* WeatherThereIsNewsOrNotUITests */ = {
			isa = PBXGroup;
			children = (
				A9070BF71DE95EE7000B94D0 /* WeatherThereIsNewsOrNotUITests.swift */,
				A9070BF91DE95EE7000B94D0 /* Info.plist */,
			);
			path = WeatherThereIsNewsOrNotUITests;
			sourceTree = "<group>";
		};
/* End PBXGroup section */

/* Begin PBXNativeTarget section */
		A9070BD31DE95EE7000B94D0 /* WeatherThereIsNewsOrNot */ = {
			isa = PBXNativeTarget;
			buildConfigurationList = A9070BFC1DE95EE7000B94D0 /* Build configuration list for PBXNativeTarget "WeatherThereIsNewsOrNot" */;
			buildPhases = (
				A9070BD01DE95EE7000B94D0 /* Sources */,
				A9070BD11DE95EE7000B94D0 /* Frameworks */,
				A9070BD21DE95EE7000B94D0 /* Resources */,
			);
			buildRules = (
			);
			dependencies = (
			);
			name = WeatherThereIsNewsOrNot;
			productName = WeatherThereIsNewsOrNot;
			productReference = A9070BD41DE95EE7000B94D0 /* WeatherThereIsNewsOrNot.app */;
			productType = "com.apple.product-type.application";
		};
		A9070BE71DE95EE7000B94D0 /* WeatherThereIsNewsOrNotTests */ = {
			isa = PBXNativeTarget;
			buildConfigurationList = A9070BFF1DE95EE7000B94D0 /* Build configuration list for PBXNativeTarget "WeatherThereIsNewsOrNotTests" */;
			buildPhases = (
				A9070BE41DE95EE7000B94D0 /* Sources */,
				A9070BE51DE95EE7000B94D0 /* Frameworks */,
				A9070BE61DE95EE7000B94D0 /* Resources */,
			);
			buildRules = (
			);
			dependencies = (
				A9070BEA1DE95EE7000B94D0 /* PBXTargetDependency */,
			);
			name = WeatherThereIsNewsOrNotTests;
			productName = WeatherThereIsNewsOrNotTests;
			productReference = A9070BE81DE95EE7000B94D0 /* WeatherThereIsNewsOrNotTests.xctest */;
			productType = "com.apple.product-type.bundle.unit-test";
		};
		A9070BF21DE95EE7000B94D0 /* WeatherThereIsNewsOrNotUITests */ = {
			isa = PBXNativeTarget;
			buildConfigurationList = A9070C021DE95EE7000B94D0 /* Build configuration list for PBXNativeTarget "WeatherThereIsNewsOrNotUITests" */;
			buildPhases = (
				A9070BEF1DE95EE7000B94D0 /* Sources */,
				A9070BF01DE95EE7000B94D0 /* Frameworks */,
				A9070BF11DE95EE7000B94D0 /* Resources */,
			);
			buildRules = (
			);
			dependencies = (
				A9070BF51DE95EE7000B94D0 /* PBXTargetDependency */,
			);
			name = WeatherThereIsNewsOrNotUITests;
			productName = WeatherThereIsNewsOrNotUITests;
			productReference = A9070BF31DE95EE7000B94D0 /* WeatherThereIsNewsOrNotUITests.xctest */;
			productType = "com.apple.product-type.bundle.ui-testing";
		};
/* End PBXNativeTarget section */

/* Begin PBXProject section */
		A9070BCC1DE95EE7000B94D0 /* Project object */ = {
			isa = PBXProject;
			attributes = {
				LastSwiftUpdateCheck = 0810;
				LastUpgradeCheck = 0810;
				ORGANIZATIONNAME = "Nathan Lambson";
				TargetAttributes = {
					A9070BD31DE95EE7000B94D0 = {
						CreatedOnToolsVersion = 8.1;
						DevelopmentTeam = 429BU58AR4;
						ProvisioningStyle = Automatic;
					};
					A9070BE71DE95EE7000B94D0 = {
						CreatedOnToolsVersion = 8.1;
						DevelopmentTeam = 429BU58AR4;
						ProvisioningStyle = Automatic;
						TestTargetID = A9070BD31DE95EE7000B94D0;
					};
					A9070BF21DE95EE7000B94D0 = {
						CreatedOnToolsVersion = 8.1;
						DevelopmentTeam = 429BU58AR4;
						ProvisioningStyle = Automatic;
						TestTargetID = A9070BD31DE95EE7000B94D0;
					};
				};
			};
			buildConfigurationList = A9070BCF1DE95EE7000B94D0 /* Build configuration list for PBXProject "WeatherThereIsNewsOrNot" */;
			compatibilityVersion = "Xcode 3.2";
			developmentRegion = English;
			hasScannedForEncodings = 0;
			knownRegions = (
				en,
				Base,
			);
			mainGroup = A9070BCB1DE95EE7000B94D0;
			productRefGroup = A9070BD51DE95EE7000B94D0 /* Products */;
			projectDirPath = "";
			projectRoot = "";
			targets = (
				A9070BD31DE95EE7000B94D0 /* WeatherThereIsNewsOrNot */,
				A9070BE71DE95EE7000B94D0 /* WeatherThereIsNewsOrNotTests */,
				A9070BF21DE95EE7000B94D0 /* WeatherThereIsNewsOrNotUITests */,
			);
		};
/* End PBXProject section */

/* Begin PBXResourcesBuildPhase section */
		A9070BD21DE95EE7000B94D0 /* Resources */ = {
			isa = PBXResourcesBuildPhase;
			buildActionMask = 2147483647;
			files = (
				A9070BE21DE95EE7000B94D0 /* LaunchScreen.storyboard in Resources */,
				A9070BDF1DE95EE7000B94D0 /* Assets.xcassets in Resources */,
				A9070BDD1DE95EE7000B94D0 /* Main.storyboard in Resources */,
			);
			runOnlyForDeploymentPostprocessing = 0;
		};
		A9070BE61DE95EE7000B94D0 /* Resources */ = {
			isa = PBXResourcesBuildPhase;
			buildActionMask = 2147483647;
			files = (
			);
			runOnlyForDeploymentPostprocessing = 0;
		};
		A9070BF11DE95EE7000B94D0 /* Resources */ = {
			isa = PBXResourcesBuildPhase;
			buildActionMask = 2147483647;
			files = (
			);
			runOnlyForDeploymentPostprocessing = 0;
		};
/* End PBXResourcesBuildPhase section */

/* Begin PBXSourcesBuildPhase section */
		A9070BD01DE95EE7000B94D0 /* Sources */ = {
			isa = PBXSourcesBuildPhase;
			buildActionMask = 2147483647;
			files = (
				A9070BDA1DE95EE7000B94D0 /* ViewController.swift in Sources */,
				A9070BD81DE95EE7000B94D0 /* AppDelegate.swift in Sources */,
			);
			runOnlyForDeploymentPostprocessing = 0;
		};
		A9070BE41DE95EE7000B94D0 /* Sources */ = {
			isa = PBXSourcesBuildPhase;
			buildActionMask = 2147483647;
			files = (
				A9070BED1DE95EE7000B94D0 /* WeatherThereIsNewsOrNotTests.swift in Sources */,
			);
			runOnlyForDeploymentPostprocessing = 0;
		};
		A9070BEF1DE95EE7000B94D0 /* Sources */ = {
			isa = PBXSourcesBuildPhase;
			buildActionMask = 2147483647;
			files = (
				A9070BF81DE95EE7000B94D0 /* WeatherThereIsNewsOrNotUITests.swift in Sources */,
			);
			runOnlyForDeploymentPostprocessing = 0;
		};
/* End PBXSourcesBuildPhase section */

/* Begin PBXTargetDependency section */
		A9070BEA1DE95EE7000B94D0 /* PBXTargetDependency */ = {
			isa = PBXTargetDependency;
			target = A9070BD31DE95EE7000B94D0 /* WeatherThereIsNewsOrNot */;
			targetProxy = A9070BE91DE95EE7000B94D0 /* PBXContainerItemProxy */;
		};
		A9070BF51DE95EE7000B94D0 /* PBXTargetDependency */ = {
			isa = PBXTargetDependency;
			target = A9070BD31DE95EE7000B94D0 /* WeatherThereIsNewsOrNot */;
			targetProxy = A9070BF41DE95EE7000B94D0 /* PBXContainerItemProxy */;
		};
/* End PBXTargetDependency section */

/* Begin PBXVariantGroup section */
		A9070BDB1DE95EE7000B94D0 /* Main.storyboard */ = {
			isa = PBXVariantGroup;
			children = (
				A9070BDC1DE95EE7000B94D0 /* Base */,
			);
			name = Main.storyboard;
			sourceTree = "<group>";
		};
		A9070BE01DE95EE7000B94D0 /* LaunchScreen.storyboard */ = {
			isa = PBXVariantGroup;
			children = (
				A9070BE11DE95EE7000B94D0 /* Base */,
			);
			name = LaunchScreen.storyboard;
			sourceTree = "<group>";
		};
/* End PBXVariantGroup section */

/* Begin XCBuildConfiguration section */
		A9070BFA1DE95EE7000B94D0 /* Debug */ = {
			isa = XCBuildConfiguration;
			buildSettings = {
				ALWAYS_SEARCH_USER_PATHS = NO;
				CLANG_ANALYZER_NONNULL = YES;
				CLANG_CXX_LANGUAGE_STANDARD = "gnu++0x";
				CLANG_CXX_LIBRARY = "libc++";
				CLANG_ENABLE_MODULES = YES;
				CLANG_ENABLE_OBJC_ARC = YES;
				CLANG_WARN_BOOL_CONVERSION = YES;
				CLANG_WARN_CONSTANT_CONVERSION = YES;
				CLANG_WARN_DIRECT_OBJC_ISA_USAGE = YES_ERROR;
				CLANG_WARN_DOCUMENTATION_COMMENTS = YES;
				CLANG_WARN_EMPTY_BODY = YES;
				CLANG_WARN_ENUM_CONVERSION = YES;
				CLANG_WARN_INFINITE_RECURSION = YES;
				CLANG_WARN_INT_CONVERSION = YES;
				CLANG_WARN_OBJC_ROOT_CLASS = YES_ERROR;
				CLANG_WARN_SUSPICIOUS_MOVES = YES;
				CLANG_WARN_UNREACHABLE_CODE = YES;
				CLANG_WARN__DUPLICATE_METHOD_MATCH = YES;
				"CODE_SIGN_IDENTITY[sdk=iphoneos*]" = "iPhone Developer";
				COPY_PHASE_STRIP = NO;
				DEBUG_INFORMATION_FORMAT = dwarf;
				ENABLE_STRICT_OBJC_MSGSEND = YES;
				ENABLE_TESTABILITY = YES;
				GCC_C_LANGUAGE_STANDARD = gnu99;
				GCC_DYNAMIC_NO_PIC = NO;
				GCC_NO_COMMON_BLOCKS = YES;
				GCC_OPTIMIZATION_LEVEL = 0;
				GCC_PREPROCESSOR_DEFINITIONS = (
					"DEBUG=1",
					"$(inherited)",
				);
				GCC_WARN_64_TO_32_BIT_CONVERSION = YES;
				GCC_WARN_ABOUT_RETURN_TYPE = YES_ERROR;
				GCC_WARN_UNDECLARED_SELECTOR = YES;
				GCC_WARN_UNINITIALIZED_AUTOS = YES_AGGRESSIVE;
				GCC_WARN_UNUSED_FUNCTION = YES;
				GCC_WARN_UNUSED_VARIABLE = YES;
				IPHONEOS_DEPLOYMENT_TARGET = 10.1;
				MTL_ENABLE_DEBUG_INFO = YES;
				ONLY_ACTIVE_ARCH = YES;
				SDKROOT = iphoneos;
				SWIFT_ACTIVE_COMPILATION_CONDITIONS = DEBUG;
				SWIFT_OPTIMIZATION_LEVEL = "-Onone";
				TARGETED_DEVICE_FAMILY = "1,2";
			};
			name = Debug;
		};
		A9070BFB1DE95EE7000B94D0 /* Release */ = {
			isa = XCBuildConfiguration;
			buildSettings = {
				ALWAYS_SEARCH_USER_PATHS = NO;
				CLANG_ANALYZER_NONNULL = YES;
				CLANG_CXX_LANGUAGE_STANDARD = "gnu++0x";
				CLANG_CXX_LIBRARY = "libc++";
				CLANG_ENABLE_MODULES = YES;
				CLANG_ENABLE_OBJC_ARC = YES;
				CLANG_WARN_BOOL_CONVERSION = YES;
				CLANG_WARN_CONSTANT_CONVERSION = YES;
				CLANG_WARN_DIRECT_OBJC_ISA_USAGE = YES_ERROR;
				CLANG_WARN_DOCUMENTATION_COMMENTS = YES;
				CLANG_WARN_EMPTY_BODY = YES;
				CLANG_WARN_ENUM_CONVERSION = YES;
				CLANG_WARN_INFINITE_RECURSION = YES;
				CLANG_WARN_INT_CONVERSION = YES;
				CLANG_WARN_OBJC_ROOT_CLASS = YES_ERROR;
				CLANG_WARN_SUSPICIOUS_MOVES = YES;
				CLANG_WARN_UNREACHABLE_CODE = YES;
				CLANG_WARN__DUPLICATE_METHOD_MATCH = YES;
				"CODE_SIGN_IDENTITY[sdk=iphoneos*]" = "iPhone Developer";
				COPY_PHASE_STRIP = NO;
				DEBUG_INFORMATION_FORMAT = "dwarf-with-dsym";
				ENABLE_NS_ASSERTIONS = NO;
				ENABLE_STRICT_OBJC_MSGSEND = YES;
				GCC_C_LANGUAGE_STANDARD = gnu99;
				GCC_NO_COMMON_BLOCKS = YES;
				GCC_WARN_64_TO_32_BIT_CONVERSION = YES;
				GCC_WARN_ABOUT_RETURN_TYPE = YES_ERROR;
				GCC_WARN_UNDECLARED_SELECTOR = YES;
				GCC_WARN_UNINITIALIZED_AUTOS = YES_AGGRESSIVE;
				GCC_WARN_UNUSED_FUNCTION = YES;
				GCC_WARN_UNUSED_VARIABLE = YES;
				IPHONEOS_DEPLOYMENT_TARGET = 10.1;
				MTL_ENABLE_DEBUG_INFO = NO;
				SDKROOT = iphoneos;
				SWIFT_OPTIMIZATION_LEVEL = "-Owholemodule";
				TARGETED_DEVICE_FAMILY = "1,2";
				VALIDATE_PRODUCT = YES;
			};
			name = Release;
		};
		A9070BFD1DE95EE7000B94D0 /* Debug */ = {
			isa = XCBuildConfiguration;
			buildSettings = {
				ASSETCATALOG_COMPILER_APPICON_NAME = AppIcon;
				DEVELOPMENT_TEAM = 429BU58AR4;
				INFOPLIST_FILE = WeatherThereIsNewsOrNot/Info.plist;
				LD_RUNPATH_SEARCH_PATHS = "$(inherited) @executable_path/Frameworks";
				PRODUCT_BUNDLE_IDENTIFIER = com.nlambson.WeatherThereIsNewsOrNot;
				PRODUCT_NAME = "$(TARGET_NAME)";
				SWIFT_VERSION = 3.0;
			};
			name = Debug;
		};
		A9070BFE1DE95EE7000B94D0 /* Release */ = {
			isa = XCBuildConfiguration;
			buildSettings = {
				ASSETCATALOG_COMPILER_APPICON_NAME = AppIcon;
				DEVELOPMENT_TEAM = 429BU58AR4;
				INFOPLIST_FILE = WeatherThereIsNewsOrNot/Info.plist;
				LD_RUNPATH_SEARCH_PATHS = "$(inherited) @executable_path/Frameworks";
				PRODUCT_BUNDLE_IDENTIFIER = com.nlambson.WeatherThereIsNewsOrNot;
				PRODUCT_NAME = "$(TARGET_NAME)";
				SWIFT_VERSION = 3.0;
			};
			name = Release;
		};
		A9070C001DE95EE7000B94D0 /* Debug */ = {
			isa = XCBuildConfiguration;
			buildSettings = {
				ALWAYS_EMBED_SWIFT_STANDARD_LIBRARIES = YES;
				BUNDLE_LOADER = "$(TEST_HOST)";
				DEVELOPMENT_TEAM = 429BU58AR4;
				INFOPLIST_FILE = WeatherThereIsNewsOrNotTests/Info.plist;
				LD_RUNPATH_SEARCH_PATHS = "$(inherited) @executable_path/Frameworks @loader_path/Frameworks";
				PRODUCT_BUNDLE_IDENTIFIER = com.nlambson.WeatherThereIsNewsOrNotTests;
				PRODUCT_NAME = "$(TARGET_NAME)";
				SWIFT_VERSION = 3.0;
				TEST_HOST = "$(BUILT_PRODUCTS_DIR)/WeatherThereIsNewsOrNot.app/WeatherThereIsNewsOrNot";
			};
			name = Debug;
		};
		A9070C011DE95EE7000B94D0 /* Release */ = {
			isa = XCBuildConfiguration;
			buildSettings = {
				ALWAYS_EMBED_SWIFT_STANDARD_LIBRARIES = YES;
				BUNDLE_LOADER = "$(TEST_HOST)";
				DEVELOPMENT_TEAM = 429BU58AR4;
				INFOPLIST_FILE = WeatherThereIsNewsOrNotTests/Info.plist;
				LD_RUNPATH_SEARCH_PATHS = "$(inherited) @executable_path/Frameworks @loader_path/Frameworks";
				PRODUCT_BUNDLE_IDENTIFIER = com.nlambson.WeatherThereIsNewsOrNotTests;
				PRODUCT_NAME = "$(TARGET_NAME)";
				SWIFT_VERSION = 3.0;
				TEST_HOST = "$(BUILT_PRODUCTS_DIR)/WeatherThereIsNewsOrNot.app/WeatherThereIsNewsOrNot";
			};
			name = Release;
		};
		A9070C031DE95EE7000B94D0 /* Debug */ = {
			isa = XCBuildConfiguration;
			buildSettings = {
				ALWAYS_EMBED_SWIFT_STANDARD_LIBRARIES = YES;
				DEVELOPMENT_TEAM = 429BU58AR4;
				INFOPLIST_FILE = WeatherThereIsNewsOrNotUITests/Info.plist;
				LD_RUNPATH_SEARCH_PATHS = "$(inherited) @executable_path/Frameworks @loader_path/Frameworks";
				PRODUCT_BUNDLE_IDENTIFIER = com.nlambson.WeatherThereIsNewsOrNotUITests;
				PRODUCT_NAME = "$(TARGET_NAME)";
				SWIFT_VERSION = 3.0;
				TEST_TARGET_NAME = WeatherThereIsNewsOrNot;
			};
			name = Debug;
		};
		A9070C041DE95EE7000B94D0 /* Release */ = {
			isa = XCBuildConfiguration;
			buildSettings = {
				ALWAYS_EMBED_SWIFT_STANDARD_LIBRARIES = YES;
				DEVELOPMENT_TEAM = 429BU58AR4;
				INFOPLIST_FILE = WeatherThereIsNewsOrNotUITests/Info.plist;
				LD_RUNPATH_SEARCH_PATHS = "$(inherited) @executable_path/Frameworks @loader_path/Frameworks";
				PRODUCT_BUNDLE_IDENTIFIER = com.nlambson.WeatherThereIsNewsOrNotUITests;
				PRODUCT_NAME = "$(TARGET_NAME)";
				SWIFT_VERSION = 3.0;
				TEST_TARGET_NAME = WeatherThereIsNewsOrNot;
			};
			name = Release;
		};
/* End XCBuildConfiguration section */

/* Begin XCConfigurationList section */
		A9070BCF1DE95EE7000B94D0 /* Build configuration list for PBXProject "WeatherThereIsNewsOrNot" */ = {
			isa = XCConfigurationList;
			buildConfigurations = (
				A9070BFA1DE95EE7000B94D0 /* Debug */,
				A9070BFB1DE95EE7000B94D0 /* Release */,
			);
			defaultConfigurationIsVisible = 0;
			defaultConfigurationName = Release;
		};
		A9070BFC1DE95EE7000B94D0 /* Build configuration list for PBXNativeTarget "WeatherThereIsNewsOrNot" */ = {
			isa = XCConfigurationList;
			buildConfigurations = (
				A9070BFD1DE95EE7000B94D0 /* Debug */,
				A9070BFE1DE95EE7000B94D0 /* Release */,
			);
			defaultConfigurationIsVisible = 0;
		};
		A9070BFF1DE95EE7000B94D0 /* Build configuration list for PBXNativeTarget "WeatherThereIsNewsOrNotTests" */ = {
			isa = XCConfigurationList;
			buildConfigurations = (
				A9070C001DE95EE7000B94D0 /* Debug */,
				A9070C011DE95EE7000B94D0 /* Release */,
			);
			defaultConfigurationIsVisible = 0;
		};
		A9070C021DE95EE7000B94D0 /* Build configuration list for PBXNativeTarget "WeatherThereIsNewsOrNotUITests" */ = {
			isa = XCConfigurationList;
			buildConfigurations = (
				A9070C031DE95EE7000B94D0 /* Debug */,
				A9070C041DE95EE7000B94D0 /* Release */,
			);
			defaultConfigurationIsVisible = 0;
		};
/* End XCConfigurationList section */
	};
	rootObject = A9070BCC1DE95EE7000B94D0 /* Project object */;
}
