// !$*UTF8*$!
{
	archiveVersion = 1;
	classes = {
	};
	objectVersion = 46;
	objects = {

/* Begin PBXBuildFile section */
		A9070C5A1DEA108C000B94D0 /* AppDelegate.swift in Sources */ = {isa = PBXBuildFile; fileRef = A9070C591DEA108C000B94D0 /* AppDelegate.swift */; };
		A9070C611DEA108C000B94D0 /* Assets.xcassets in Resources */ = {isa = PBXBuildFile; fileRef = A9070C601DEA108C000B94D0 /* Assets.xcassets */; };
		A9070C641DEA108C000B94D0 /* LaunchScreen.storyboard in Resources */ = {isa = PBXBuildFile; fileRef = A9070C621DEA108C000B94D0 /* LaunchScreen.storyboard */; };
		A9070C6F1DEA108C000B94D0 /* WeatherTests.swift in Sources */ = {isa = PBXBuildFile; fileRef = A9070C6E1DEA108C000B94D0 /* WeatherTests.swift */; };
		A9070C7A1DEA108C000B94D0 /* WeatherUITests.swift in Sources */ = {isa = PBXBuildFile; fileRef = A9070C791DEA108C000B94D0 /* WeatherUITests.swift */; };
		A9070C8C1DEA123E000B94D0 /* Marshal.framework in Frameworks */ = {isa = PBXBuildFile; fileRef = A9070C8B1DEA123E000B94D0 /* Marshal.framework */; };
		A9070C8D1DEA123E000B94D0 /* Marshal.framework in Embed Frameworks */ = {isa = PBXBuildFile; fileRef = A9070C8B1DEA123E000B94D0 /* Marshal.framework */; settings = {ATTRIBUTES = (CodeSignOnCopy, RemoveHeadersOnCopy, ); }; };
		A9070C8F1DEA124A000B94D0 /* Alamofire.framework in Frameworks */ = {isa = PBXBuildFile; fileRef = A9070C8E1DEA124A000B94D0 /* Alamofire.framework */; };
		A9070C901DEA124A000B94D0 /* Alamofire.framework in Embed Frameworks */ = {isa = PBXBuildFile; fileRef = A9070C8E1DEA124A000B94D0 /* Alamofire.framework */; settings = {ATTRIBUTES = (CodeSignOnCopy, RemoveHeadersOnCopy, ); }; };
		A9070C9F1DEA1BF5000B94D0 /* WeatherStoryboard.storyboard in Resources */ = {isa = PBXBuildFile; fileRef = A9070C9E1DEA1BF5000B94D0 /* WeatherStoryboard.storyboard */; };
		A9070CA11DEA1C3E000B94D0 /* WeatherViewController.swift in Sources */ = {isa = PBXBuildFile; fileRef = A9070CA01DEA1C3D000B94D0 /* WeatherViewController.swift */; };
		A910F17C1DEA26F70033F1B5 /* NSMutableArray+JBStack.m in Sources */ = {isa = PBXBuildFile; fileRef = A910F17B1DEA26F70033F1B5 /* NSMutableArray+JBStack.m */; };
		A910F1801DEA272E0033F1B5 /* JBChartView.m in Sources */ = {isa = PBXBuildFile; fileRef = A910F17F1DEA272E0033F1B5 /* JBChartView.m */; };
		A910F1831DEA27470033F1B5 /* JBGradientLineLayer.m in Sources */ = {isa = PBXBuildFile; fileRef = A910F1821DEA27470033F1B5 /* JBGradientLineLayer.m */; };
		A910F1881DEA27540033F1B5 /* JBLineChartDotsView.m in Sources */ = {isa = PBXBuildFile; fileRef = A910F1851DEA27540033F1B5 /* JBLineChartDotsView.m */; };
		A910F1891DEA27540033F1B5 /* JBLineChartDotView.m in Sources */ = {isa = PBXBuildFile; fileRef = A910F1871DEA27540033F1B5 /* JBLineChartDotView.m */; };
		A910F18C1DEA275B0033F1B5 /* JBLineChartLine.m in Sources */ = {isa = PBXBuildFile; fileRef = A910F18B1DEA275B0033F1B5 /* JBLineChartLine.m */; };
		A910F18F1DEA27600033F1B5 /* JBLineChartLinesView.m in Sources */ = {isa = PBXBuildFile; fileRef = A910F18E1DEA27600033F1B5 /* JBLineChartLinesView.m */; };
		A910F1921DEA276B0033F1B5 /* JBLineChartPoint.m in Sources */ = {isa = PBXBuildFile; fileRef = A910F1911DEA276B0033F1B5 /* JBLineChartPoint.m */; };
		A910F1951DEA27700033F1B5 /* JBShapeLineLayer.m in Sources */ = {isa = PBXBuildFile; fileRef = A910F1941DEA27700033F1B5 /* JBShapeLineLayer.m */; };
		A910F1981DEA27780033F1B5 /* JBLineChartView.m in Sources */ = {isa = PBXBuildFile; fileRef = A910F1971DEA27780033F1B5 /* JBLineChartView.m */; };
		A910F19A1DEA2B030033F1B5 /* WeatherSnapshot.swift in Sources */ = {isa = PBXBuildFile; fileRef = A910F1991DEA2B030033F1B5 /* WeatherSnapshot.swift */; };
		A910F19C1DEA2F090033F1B5 /* Networking.swift in Sources */ = {isa = PBXBuildFile; fileRef = A910F19B1DEA2F090033F1B5 /* Networking.swift */; };
		A99E221D1DEAE59F00AC23A8 /* MinuteForecast.swift in Sources */ = {isa = PBXBuildFile; fileRef = A99E221C1DEAE59F00AC23A8 /* MinuteForecast.swift */; };
		A9F7A5751DEC05B3007B5D71 /* AsyncButton.swift in Sources */ = {isa = PBXBuildFile; fileRef = A9F7A55A1DEC05B3007B5D71 /* AsyncButton.swift */; };
		A9F7A5761DEC05B3007B5D71 /* AsyncImageView.swift in Sources */ = {isa = PBXBuildFile; fileRef = A9F7A55B1DEC05B3007B5D71 /* AsyncImageView.swift */; };
		A9F7A5771DEC05B3007B5D71 /* AutoTextView.swift in Sources */ = {isa = PBXBuildFile; fileRef = A9F7A55C1DEC05B3007B5D71 /* AutoTextView.swift */; };
		A9F7A5781DEC05B3007B5D71 /* BlurView.swift in Sources */ = {isa = PBXBuildFile; fileRef = A9F7A55D1DEC05B3007B5D71 /* BlurView.swift */; };
		A9F7A5791DEC05B3007B5D71 /* DesignableButton.swift in Sources */ = {isa = PBXBuildFile; fileRef = A9F7A55E1DEC05B3007B5D71 /* DesignableButton.swift */; };
		A9F7A57A1DEC05B3007B5D71 /* DesignableImageView.swift in Sources */ = {isa = PBXBuildFile; fileRef = A9F7A55F1DEC05B3007B5D71 /* DesignableImageView.swift */; };
		A9F7A57B1DEC05B3007B5D71 /* DesignableLabel.swift in Sources */ = {isa = PBXBuildFile; fileRef = A9F7A5601DEC05B3007B5D71 /* DesignableLabel.swift */; };
		A9F7A57C1DEC05B3007B5D71 /* DesignableTabBarController.swift in Sources */ = {isa = PBXBuildFile; fileRef = A9F7A5611DEC05B3007B5D71 /* DesignableTabBarController.swift */; };
		A9F7A57D1DEC05B3007B5D71 /* DesignableTextField.swift in Sources */ = {isa = PBXBuildFile; fileRef = A9F7A5621DEC05B3007B5D71 /* DesignableTextField.swift */; };
		A9F7A57E1DEC05B3007B5D71 /* DesignableTextView.swift in Sources */ = {isa = PBXBuildFile; fileRef = A9F7A5631DEC05B3007B5D71 /* DesignableTextView.swift */; };
		A9F7A57F1DEC05B3007B5D71 /* DesignableView.swift in Sources */ = {isa = PBXBuildFile; fileRef = A9F7A5641DEC05B3007B5D71 /* DesignableView.swift */; };
		A9F7A5801DEC05B3007B5D71 /* ImageLoader.swift in Sources */ = {isa = PBXBuildFile; fileRef = A9F7A5651DEC05B3007B5D71 /* ImageLoader.swift */; };
		A9F7A5811DEC05B3007B5D71 /* KeyboardLayoutConstraint.swift in Sources */ = {isa = PBXBuildFile; fileRef = A9F7A5661DEC05B3007B5D71 /* KeyboardLayoutConstraint.swift */; };
		A9F7A5821DEC05B3007B5D71 /* LoadingView.swift in Sources */ = {isa = PBXBuildFile; fileRef = A9F7A5671DEC05B3007B5D71 /* LoadingView.swift */; };
		A9F7A5831DEC05B3007B5D71 /* Misc.swift in Sources */ = {isa = PBXBuildFile; fileRef = A9F7A5681DEC05B3007B5D71 /* Misc.swift */; };
		A9F7A5841DEC05B3007B5D71 /* SoundPlayer.swift in Sources */ = {isa = PBXBuildFile; fileRef = A9F7A5691DEC05B3007B5D71 /* SoundPlayer.swift */; };
		A9F7A5851DEC05B3007B5D71 /* Spring.swift in Sources */ = {isa = PBXBuildFile; fileRef = A9F7A56A1DEC05B3007B5D71 /* Spring.swift */; };
		A9F7A5861DEC05B3007B5D71 /* SpringAnimation.swift in Sources */ = {isa = PBXBuildFile; fileRef = A9F7A56B1DEC05B3007B5D71 /* SpringAnimation.swift */; };
		A9F7A5871DEC05B3007B5D71 /* SpringButton.swift in Sources */ = {isa = PBXBuildFile; fileRef = A9F7A56C1DEC05B3007B5D71 /* SpringButton.swift */; };
		A9F7A5881DEC05B3007B5D71 /* SpringImageView.swift in Sources */ = {isa = PBXBuildFile; fileRef = A9F7A56D1DEC05B3007B5D71 /* SpringImageView.swift */; };
		A9F7A5891DEC05B3007B5D71 /* SpringLabel.swift in Sources */ = {isa = PBXBuildFile; fileRef = A9F7A56E1DEC05B3007B5D71 /* SpringLabel.swift */; };
		A9F7A58A1DEC05B3007B5D71 /* SpringTextField.swift in Sources */ = {isa = PBXBuildFile; fileRef = A9F7A56F1DEC05B3007B5D71 /* SpringTextField.swift */; };
		A9F7A58B1DEC05B3007B5D71 /* SpringTextView.swift in Sources */ = {isa = PBXBuildFile; fileRef = A9F7A5701DEC05B3007B5D71 /* SpringTextView.swift */; };
		A9F7A58C1DEC05B3007B5D71 /* SpringView.swift in Sources */ = {isa = PBXBuildFile; fileRef = A9F7A5711DEC05B3007B5D71 /* SpringView.swift */; };
		A9F7A58D1DEC05B3007B5D71 /* TransitionManager.swift in Sources */ = {isa = PBXBuildFile; fileRef = A9F7A5721DEC05B3007B5D71 /* TransitionManager.swift */; };
		A9F7A58E1DEC05B3007B5D71 /* TransitionZoom.swift in Sources */ = {isa = PBXBuildFile; fileRef = A9F7A5731DEC05B3007B5D71 /* TransitionZoom.swift */; };
		A9F7A58F1DEC05B3007B5D71 /* UnwindSegue.swift in Sources */ = {isa = PBXBuildFile; fileRef = A9F7A5741DEC05B3007B5D71 /* UnwindSegue.swift */; };
/* End PBXBuildFile section */

/* Begin PBXContainerItemProxy section */
		A9070C6B1DEA108C000B94D0 /* PBXContainerItemProxy */ = {
			isa = PBXContainerItemProxy;
			containerPortal = A9070C4E1DEA108C000B94D0 /* Project object */;
			proxyType = 1;
			remoteGlobalIDString = A9070C551DEA108C000B94D0;
			remoteInfo = Weather;
		};
		A9070C761DEA108C000B94D0 /* PBXContainerItemProxy */ = {
			isa = PBXContainerItemProxy;
			containerPortal = A9070C4E1DEA108C000B94D0 /* Project object */;
			proxyType = 1;
			remoteGlobalIDString = A9070C551DEA108C000B94D0;
			remoteInfo = Weather;
		};
/* End PBXContainerItemProxy section */

/* Begin PBXCopyFilesBuildPhase section */
		A9070C8A1DEA1237000B94D0 /* Embed Frameworks */ = {
			isa = PBXCopyFilesBuildPhase;
			buildActionMask = 2147483647;
			dstPath = "";
			dstSubfolderSpec = 10;
			files = (
				A9070C901DEA124A000B94D0 /* Alamofire.framework in Embed Frameworks */,
				A9070C8D1DEA123E000B94D0 /* Marshal.framework in Embed Frameworks */,
			);
			name = "Embed Frameworks";
			runOnlyForDeploymentPostprocessing = 0;
		};
/* End PBXCopyFilesBuildPhase section */

/* Begin PBXFileReference section */
		A9070C561DEA108C000B94D0 /* Weather.app */ = {isa = PBXFileReference; explicitFileType = wrapper.application; includeInIndex = 0; path = Weather.app; sourceTree = BUILT_PRODUCTS_DIR; };
		A9070C591DEA108C000B94D0 /* AppDelegate.swift */ = {isa = PBXFileReference; lastKnownFileType = sourcecode.swift; path = AppDelegate.swift; sourceTree = "<group>"; };
		A9070C601DEA108C000B94D0 /* Assets.xcassets */ = {isa = PBXFileReference; lastKnownFileType = folder.assetcatalog; path = Assets.xcassets; sourceTree = "<group>"; };
		A9070C631DEA108C000B94D0 /* Base */ = {isa = PBXFileReference; lastKnownFileType = file.storyboard; name = Base; path = Base.lproj/LaunchScreen.storyboard; sourceTree = "<group>"; };
		A9070C651DEA108C000B94D0 /* Info.plist */ = {isa = PBXFileReference; lastKnownFileType = text.plist.xml; path = Info.plist; sourceTree = "<group>"; };
		A9070C6A1DEA108C000B94D0 /* WeatherTests.xctest */ = {isa = PBXFileReference; explicitFileType = wrapper.cfbundle; includeInIndex = 0; path = WeatherTests.xctest; sourceTree = BUILT_PRODUCTS_DIR; };
		A9070C6E1DEA108C000B94D0 /* WeatherTests.swift */ = {isa = PBXFileReference; lastKnownFileType = sourcecode.swift; path = WeatherTests.swift; sourceTree = "<group>"; };
		A9070C701DEA108C000B94D0 /* Info.plist */ = {isa = PBXFileReference; lastKnownFileType = text.plist.xml; path = Info.plist; sourceTree = "<group>"; };
		A9070C751DEA108C000B94D0 /* WeatherUITests.xctest */ = {isa = PBXFileReference; explicitFileType = wrapper.cfbundle; includeInIndex = 0; path = WeatherUITests.xctest; sourceTree = BUILT_PRODUCTS_DIR; };
		A9070C791DEA108C000B94D0 /* WeatherUITests.swift */ = {isa = PBXFileReference; lastKnownFileType = sourcecode.swift; path = WeatherUITests.swift; sourceTree = "<group>"; };
		A9070C7B1DEA108C000B94D0 /* Info.plist */ = {isa = PBXFileReference; lastKnownFileType = text.plist.xml; path = Info.plist; sourceTree = "<group>"; };
		A9070C8B1DEA123E000B94D0 /* Marshal.framework */ = {isa = PBXFileReference; explicitFileType = wrapper.framework; path = Marshal.framework; sourceTree = BUILT_PRODUCTS_DIR; };
		A9070C8E1DEA124A000B94D0 /* Alamofire.framework */ = {isa = PBXFileReference; explicitFileType = wrapper.framework; path = Alamofire.framework; sourceTree = BUILT_PRODUCTS_DIR; };
		A9070C9E1DEA1BF5000B94D0 /* WeatherStoryboard.storyboard */ = {isa = PBXFileReference; fileEncoding = 4; lastKnownFileType = file.storyboard; path = WeatherStoryboard.storyboard; sourceTree = "<group>"; };
		A9070CA01DEA1C3D000B94D0 /* WeatherViewController.swift */ = {isa = PBXFileReference; fileEncoding = 4; lastKnownFileType = sourcecode.swift; path = WeatherViewController.swift; sourceTree = "<group>"; };
		A910F17A1DEA26F70033F1B5 /* NSMutableArray+JBStack.h */ = {isa = PBXFileReference; fileEncoding = 4; lastKnownFileType = sourcecode.c.h; path = "NSMutableArray+JBStack.h"; sourceTree = "<group>"; };
		A910F17B1DEA26F70033F1B5 /* NSMutableArray+JBStack.m */ = {isa = PBXFileReference; fileEncoding = 4; lastKnownFileType = sourcecode.c.objc; path = "NSMutableArray+JBStack.m"; sourceTree = "<group>"; };
		A910F17D1DEA27040033F1B5 /* Weather-Bridging-Header.h */ = {isa = PBXFileReference; lastKnownFileType = sourcecode.c.h; path = "Weather-Bridging-Header.h"; sourceTree = "<group>"; };
		A910F17E1DEA272E0033F1B5 /* JBChartView.h */ = {isa = PBXFileReference; fileEncoding = 4; lastKnownFileType = sourcecode.c.h; path = JBChartView.h; sourceTree = "<group>"; };
		A910F17F1DEA272E0033F1B5 /* JBChartView.m */ = {isa = PBXFileReference; fileEncoding = 4; lastKnownFileType = sourcecode.c.objc; path = JBChartView.m; sourceTree = "<group>"; };
		A910F1811DEA27470033F1B5 /* JBGradientLineLayer.h */ = {isa = PBXFileReference; fileEncoding = 4; lastKnownFileType = sourcecode.c.h; path = JBGradientLineLayer.h; sourceTree = "<group>"; };
		A910F1821DEA27470033F1B5 /* JBGradientLineLayer.m */ = {isa = PBXFileReference; fileEncoding = 4; lastKnownFileType = sourcecode.c.objc; path = JBGradientLineLayer.m; sourceTree = "<group>"; };
		A910F1841DEA27540033F1B5 /* JBLineChartDotsView.h */ = {isa = PBXFileReference; fileEncoding = 4; lastKnownFileType = sourcecode.c.h; path = JBLineChartDotsView.h; sourceTree = "<group>"; };
		A910F1851DEA27540033F1B5 /* JBLineChartDotsView.m */ = {isa = PBXFileReference; fileEncoding = 4; lastKnownFileType = sourcecode.c.objc; path = JBLineChartDotsView.m; sourceTree = "<group>"; };
		A910F1861DEA27540033F1B5 /* JBLineChartDotView.h */ = {isa = PBXFileReference; fileEncoding = 4; lastKnownFileType = sourcecode.c.h; path = JBLineChartDotView.h; sourceTree = "<group>"; };
		A910F1871DEA27540033F1B5 /* JBLineChartDotView.m */ = {isa = PBXFileReference; fileEncoding = 4; lastKnownFileType = sourcecode.c.objc; path = JBLineChartDotView.m; sourceTree = "<group>"; };
		A910F18A1DEA275B0033F1B5 /* JBLineChartLine.h */ = {isa = PBXFileReference; fileEncoding = 4; lastKnownFileType = sourcecode.c.h; path = JBLineChartLine.h; sourceTree = "<group>"; };
		A910F18B1DEA275B0033F1B5 /* JBLineChartLine.m */ = {isa = PBXFileReference; fileEncoding = 4; lastKnownFileType = sourcecode.c.objc; path = JBLineChartLine.m; sourceTree = "<group>"; };
		A910F18D1DEA27600033F1B5 /* JBLineChartLinesView.h */ = {isa = PBXFileReference; fileEncoding = 4; lastKnownFileType = sourcecode.c.h; path = JBLineChartLinesView.h; sourceTree = "<group>"; };
		A910F18E1DEA27600033F1B5 /* JBLineChartLinesView.m */ = {isa = PBXFileReference; fileEncoding = 4; lastKnownFileType = sourcecode.c.objc; path = JBLineChartLinesView.m; sourceTree = "<group>"; };
		A910F1901DEA276B0033F1B5 /* JBLineChartPoint.h */ = {isa = PBXFileReference; fileEncoding = 4; lastKnownFileType = sourcecode.c.h; path = JBLineChartPoint.h; sourceTree = "<group>"; };
		A910F1911DEA276B0033F1B5 /* JBLineChartPoint.m */ = {isa = PBXFileReference; fileEncoding = 4; lastKnownFileType = sourcecode.c.objc; path = JBLineChartPoint.m; sourceTree = "<group>"; };
		A910F1931DEA27700033F1B5 /* JBShapeLineLayer.h */ = {isa = PBXFileReference; fileEncoding = 4; lastKnownFileType = sourcecode.c.h; path = JBShapeLineLayer.h; sourceTree = "<group>"; };
		A910F1941DEA27700033F1B5 /* JBShapeLineLayer.m */ = {isa = PBXFileReference; fileEncoding = 4; lastKnownFileType = sourcecode.c.objc; path = JBShapeLineLayer.m; sourceTree = "<group>"; };
		A910F1961DEA27780033F1B5 /* JBLineChartView.h */ = {isa = PBXFileReference; fileEncoding = 4; lastKnownFileType = sourcecode.c.h; path = JBLineChartView.h; sourceTree = "<group>"; };
		A910F1971DEA27780033F1B5 /* JBLineChartView.m */ = {isa = PBXFileReference; fileEncoding = 4; lastKnownFileType = sourcecode.c.objc; path = JBLineChartView.m; sourceTree = "<group>"; };
		A910F1991DEA2B030033F1B5 /* WeatherSnapshot.swift */ = {isa = PBXFileReference; fileEncoding = 4; lastKnownFileType = sourcecode.swift; path = WeatherSnapshot.swift; sourceTree = "<group>"; };
		A910F19B1DEA2F090033F1B5 /* Networking.swift */ = {isa = PBXFileReference; fileEncoding = 4; lastKnownFileType = sourcecode.swift; path = Networking.swift; sourceTree = "<group>"; };
		A99E221C1DEAE59F00AC23A8 /* MinuteForecast.swift */ = {isa = PBXFileReference; fileEncoding = 4; lastKnownFileType = sourcecode.swift; path = MinuteForecast.swift; sourceTree = "<group>"; };
		A9F7A55A1DEC05B3007B5D71 /* AsyncButton.swift */ = {isa = PBXFileReference; fileEncoding = 4; lastKnownFileType = sourcecode.swift; path = AsyncButton.swift; sourceTree = "<group>"; };
		A9F7A55B1DEC05B3007B5D71 /* AsyncImageView.swift */ = {isa = PBXFileReference; fileEncoding = 4; lastKnownFileType = sourcecode.swift; path = AsyncImageView.swift; sourceTree = "<group>"; };
		A9F7A55C1DEC05B3007B5D71 /* AutoTextView.swift */ = {isa = PBXFileReference; fileEncoding = 4; lastKnownFileType = sourcecode.swift; path = AutoTextView.swift; sourceTree = "<group>"; };
		A9F7A55D1DEC05B3007B5D71 /* BlurView.swift */ = {isa = PBXFileReference; fileEncoding = 4; lastKnownFileType = sourcecode.swift; path = BlurView.swift; sourceTree = "<group>"; };
		A9F7A55E1DEC05B3007B5D71 /* DesignableButton.swift */ = {isa = PBXFileReference; fileEncoding = 4; lastKnownFileType = sourcecode.swift; path = DesignableButton.swift; sourceTree = "<group>"; };
		A9F7A55F1DEC05B3007B5D71 /* DesignableImageView.swift */ = {isa = PBXFileReference; fileEncoding = 4; lastKnownFileType = sourcecode.swift; path = DesignableImageView.swift; sourceTree = "<group>"; };
		A9F7A5601DEC05B3007B5D71 /* DesignableLabel.swift */ = {isa = PBXFileReference; fileEncoding = 4; lastKnownFileType = sourcecode.swift; path = DesignableLabel.swift; sourceTree = "<group>"; };
		A9F7A5611DEC05B3007B5D71 /* DesignableTabBarController.swift */ = {isa = PBXFileReference; fileEncoding = 4; lastKnownFileType = sourcecode.swift; path = DesignableTabBarController.swift; sourceTree = "<group>"; };
		A9F7A5621DEC05B3007B5D71 /* DesignableTextField.swift */ = {isa = PBXFileReference; fileEncoding = 4; lastKnownFileType = sourcecode.swift; path = DesignableTextField.swift; sourceTree = "<group>"; };
		A9F7A5631DEC05B3007B5D71 /* DesignableTextView.swift */ = {isa = PBXFileReference; fileEncoding = 4; lastKnownFileType = sourcecode.swift; path = DesignableTextView.swift; sourceTree = "<group>"; };
		A9F7A5641DEC05B3007B5D71 /* DesignableView.swift */ = {isa = PBXFileReference; fileEncoding = 4; lastKnownFileType = sourcecode.swift; path = DesignableView.swift; sourceTree = "<group>"; };
		A9F7A5651DEC05B3007B5D71 /* ImageLoader.swift */ = {isa = PBXFileReference; fileEncoding = 4; lastKnownFileType = sourcecode.swift; path = ImageLoader.swift; sourceTree = "<group>"; };
		A9F7A5661DEC05B3007B5D71 /* KeyboardLayoutConstraint.swift */ = {isa = PBXFileReference; fileEncoding = 4; lastKnownFileType = sourcecode.swift; path = KeyboardLayoutConstraint.swift; sourceTree = "<group>"; };
		A9F7A5671DEC05B3007B5D71 /* LoadingView.swift */ = {isa = PBXFileReference; fileEncoding = 4; lastKnownFileType = sourcecode.swift; path = LoadingView.swift; sourceTree = "<group>"; };
		A9F7A5681DEC05B3007B5D71 /* Misc.swift */ = {isa = PBXFileReference; fileEncoding = 4; lastKnownFileType = sourcecode.swift; path = Misc.swift; sourceTree = "<group>"; };
		A9F7A5691DEC05B3007B5D71 /* SoundPlayer.swift */ = {isa = PBXFileReference; fileEncoding = 4; lastKnownFileType = sourcecode.swift; path = SoundPlayer.swift; sourceTree = "<group>"; };
		A9F7A56A1DEC05B3007B5D71 /* Spring.swift */ = {isa = PBXFileReference; fileEncoding = 4; lastKnownFileType = sourcecode.swift; path = Spring.swift; sourceTree = "<group>"; };
		A9F7A56B1DEC05B3007B5D71 /* SpringAnimation.swift */ = {isa = PBXFileReference; fileEncoding = 4; lastKnownFileType = sourcecode.swift; path = SpringAnimation.swift; sourceTree = "<group>"; };
		A9F7A56C1DEC05B3007B5D71 /* SpringButton.swift */ = {isa = PBXFileReference; fileEncoding = 4; lastKnownFileType = sourcecode.swift; path = SpringButton.swift; sourceTree = "<group>"; };
		A9F7A56D1DEC05B3007B5D71 /* SpringImageView.swift */ = {isa = PBXFileReference; fileEncoding = 4; lastKnownFileType = sourcecode.swift; path = SpringImageView.swift; sourceTree = "<group>"; };
		A9F7A56E1DEC05B3007B5D71 /* SpringLabel.swift */ = {isa = PBXFileReference; fileEncoding = 4; lastKnownFileType = sourcecode.swift; path = SpringLabel.swift; sourceTree = "<group>"; };
		A9F7A56F1DEC05B3007B5D71 /* SpringTextField.swift */ = {isa = PBXFileReference; fileEncoding = 4; lastKnownFileType = sourcecode.swift; path = SpringTextField.swift; sourceTree = "<group>"; };
		A9F7A5701DEC05B3007B5D71 /* SpringTextView.swift */ = {isa = PBXFileReference; fileEncoding = 4; lastKnownFileType = sourcecode.swift; path = SpringTextView.swift; sourceTree = "<group>"; };
		A9F7A5711DEC05B3007B5D71 /* SpringView.swift */ = {isa = PBXFileReference; fileEncoding = 4; lastKnownFileType = sourcecode.swift; path = SpringView.swift; sourceTree = "<group>"; };
		A9F7A5721DEC05B3007B5D71 /* TransitionManager.swift */ = {isa = PBXFileReference; fileEncoding = 4; lastKnownFileType = sourcecode.swift; path = TransitionManager.swift; sourceTree = "<group>"; };
		A9F7A5731DEC05B3007B5D71 /* TransitionZoom.swift */ = {isa = PBXFileReference; fileEncoding = 4; lastKnownFileType = sourcecode.swift; path = TransitionZoom.swift; sourceTree = "<group>"; };
		A9F7A5741DEC05B3007B5D71 /* UnwindSegue.swift */ = {isa = PBXFileReference; fileEncoding = 4; lastKnownFileType = sourcecode.swift; path = UnwindSegue.swift; sourceTree = "<group>"; };
/* End PBXFileReference section */

/* Begin PBXFrameworksBuildPhase section */
		A9070C531DEA108C000B94D0 /* Frameworks */ = {
			isa = PBXFrameworksBuildPhase;
			buildActionMask = 2147483647;
			files = (
				A9070C8F1DEA124A000B94D0 /* Alamofire.framework in Frameworks */,
				A9070C8C1DEA123E000B94D0 /* Marshal.framework in Frameworks */,
			);
			runOnlyForDeploymentPostprocessing = 0;
		};
		A9070C671DEA108C000B94D0 /* Frameworks */ = {
			isa = PBXFrameworksBuildPhase;
			buildActionMask = 2147483647;
			files = (
			);
			runOnlyForDeploymentPostprocessing = 0;
		};
		A9070C721DEA108C000B94D0 /* Frameworks */ = {
			isa = PBXFrameworksBuildPhase;
			buildActionMask = 2147483647;
			files = (
			);
			runOnlyForDeploymentPostprocessing = 0;
		};
/* End PBXFrameworksBuildPhase section */

/* Begin PBXGroup section */
		A9070C4D1DEA108C000B94D0 = {
			isa = PBXGroup;
			children = (
				A9070C8E1DEA124A000B94D0 /* Alamofire.framework */,
				A9070C8B1DEA123E000B94D0 /* Marshal.framework */,
				A9070C581DEA108C000B94D0 /* Weather */,
				A9070C6D1DEA108C000B94D0 /* WeatherTests */,
				A9070C781DEA108C000B94D0 /* WeatherUITests */,
				A9070C571DEA108C000B94D0 /* Products */,
			);
			sourceTree = "<group>";
		};
		A9070C571DEA108C000B94D0 /* Products */ = {
			isa = PBXGroup;
			children = (
				A9070C561DEA108C000B94D0 /* Weather.app */,
				A9070C6A1DEA108C000B94D0 /* WeatherTests.xctest */,
				A9070C751DEA108C000B94D0 /* WeatherUITests.xctest */,
			);
			name = Products;
			sourceTree = "<group>";
		};
		A9070C581DEA108C000B94D0 /* Weather */ = {
			isa = PBXGroup;
			children = (
				A90F28DF1DEC040200A68052 /* Frameworks */,
				A9070C931DEA13EC000B94D0 /* View */,
				A9070C921DEA13DF000B94D0 /* Networking */,
				A9070C911DEA13D9000B94D0 /* Model */,
				A9070C591DEA108C000B94D0 /* AppDelegate.swift */,
				A9070C601DEA108C000B94D0 /* Assets.xcassets */,
				A9070C621DEA108C000B94D0 /* LaunchScreen.storyboard */,
				A9070C651DEA108C000B94D0 /* Info.plist */,
				A910F17D1DEA27040033F1B5 /* Weather-Bridging-Header.h */,
			);
			path = Weather;
			sourceTree = "<group>";
		};
		A9070C6D1DEA108C000B94D0 /* WeatherTests */ = {
			isa = PBXGroup;
			children = (
				A9070C6E1DEA108C000B94D0 /* WeatherTests.swift */,
				A9070C701DEA108C000B94D0 /* Info.plist */,
			);
			path = WeatherTests;
			sourceTree = "<group>";
		};
		A9070C781DEA108C000B94D0 /* WeatherUITests */ = {
			isa = PBXGroup;
			children = (
				A9070C791DEA108C000B94D0 /* WeatherUITests.swift */,
				A9070C7B1DEA108C000B94D0 /* Info.plist */,
			);
			path = WeatherUITests;
			sourceTree = "<group>";
		};
		A9070C911DEA13D9000B94D0 /* Model */ = {
			isa = PBXGroup;
			children = (
				A910F1991DEA2B030033F1B5 /* WeatherSnapshot.swift */,
				A99E221C1DEAE59F00AC23A8 /* MinuteForecast.swift */,
			);
			path = Model;
			sourceTree = "<group>";
		};
		A9070C921DEA13DF000B94D0 /* Networking */ = {
			isa = PBXGroup;
			children = (
				A910F19B1DEA2F090033F1B5 /* Networking.swift */,
			);
			path = Networking;
			sourceTree = "<group>";
		};
		A9070C931DEA13EC000B94D0 /* View */ = {
			isa = PBXGroup;
			children = (
				A9070C9E1DEA1BF5000B94D0 /* WeatherStoryboard.storyboard */,
				A9070CA01DEA1C3D000B94D0 /* WeatherViewController.swift */,
			);
			path = View;
			sourceTree = "<group>";
		};
		A9070C941DEA1992000B94D0 /* JBChartView */ = {
			isa = PBXGroup;
			children = (
				A9070CA41DEA2664000B94D0 /* Line */,
				A9070CA31DEA2660000B94D0 /* Base */,
				A9070CA21DEA265B000B94D0 /* Additions */,
			);
			path = JBChartView;
			sourceTree = "<group>";
		};
		A9070CA21DEA265B000B94D0 /* Additions */ = {
			isa = PBXGroup;
			children = (
				A910F17A1DEA26F70033F1B5 /* NSMutableArray+JBStack.h */,
				A910F17B1DEA26F70033F1B5 /* NSMutableArray+JBStack.m */,
			);
			name = Additions;
			sourceTree = "<group>";
		};
		A9070CA31DEA2660000B94D0 /* Base */ = {
			isa = PBXGroup;
			children = (
				A910F17E1DEA272E0033F1B5 /* JBChartView.h */,
				A910F17F1DEA272E0033F1B5 /* JBChartView.m */,
			);
			name = Base;
			sourceTree = "<group>";
		};
		A9070CA41DEA2664000B94D0 /* Line */ = {
			isa = PBXGroup;
			children = (
				A9070CA71DEA2670000B94D0 /* Views */,
				A9070CA61DEA266C000B94D0 /* Models */,
				A9070CA51DEA2668000B94D0 /* Layers */,
			);
			name = Line;
			sourceTree = "<group>";
		};
		A9070CA51DEA2668000B94D0 /* Layers */ = {
			isa = PBXGroup;
			children = (
				A910F1931DEA27700033F1B5 /* JBShapeLineLayer.h */,
				A910F1941DEA27700033F1B5 /* JBShapeLineLayer.m */,
				A910F1811DEA27470033F1B5 /* JBGradientLineLayer.h */,
				A910F1821DEA27470033F1B5 /* JBGradientLineLayer.m */,
			);
			name = Layers;
			sourceTree = "<group>";
		};
		A9070CA61DEA266C000B94D0 /* Models */ = {
			isa = PBXGroup;
			children = (
				A910F1901DEA276B0033F1B5 /* JBLineChartPoint.h */,
				A910F1911DEA276B0033F1B5 /* JBLineChartPoint.m */,
				A910F18A1DEA275B0033F1B5 /* JBLineChartLine.h */,
				A910F18B1DEA275B0033F1B5 /* JBLineChartLine.m */,
			);
			name = Models;
			sourceTree = "<group>";
		};
		A9070CA71DEA2670000B94D0 /* Views */ = {
			isa = PBXGroup;
			children = (
				A910F1961DEA27780033F1B5 /* JBLineChartView.h */,
				A910F1971DEA27780033F1B5 /* JBLineChartView.m */,
				A910F18D1DEA27600033F1B5 /* JBLineChartLinesView.h */,
				A910F18E1DEA27600033F1B5 /* JBLineChartLinesView.m */,
				A910F1841DEA27540033F1B5 /* JBLineChartDotsView.h */,
				A910F1851DEA27540033F1B5 /* JBLineChartDotsView.m */,
				A910F1861DEA27540033F1B5 /* JBLineChartDotView.h */,
				A910F1871DEA27540033F1B5 /* JBLineChartDotView.m */,
			);
			name = Views;
			sourceTree = "<group>";
		};
		A90F28DE1DEC03AA00A68052 /* Spring */ = {
			isa = PBXGroup;
			children = (
				A9F7A55A1DEC05B3007B5D71 /* AsyncButton.swift */,
				A9F7A55B1DEC05B3007B5D71 /* AsyncImageView.swift */,
				A9F7A55C1DEC05B3007B5D71 /* AutoTextView.swift */,
				A9F7A55D1DEC05B3007B5D71 /* BlurView.swift */,
				A9F7A55E1DEC05B3007B5D71 /* DesignableButton.swift */,
				A9F7A55F1DEC05B3007B5D71 /* DesignableImageView.swift */,
				A9F7A5601DEC05B3007B5D71 /* DesignableLabel.swift */,
				A9F7A5611DEC05B3007B5D71 /* DesignableTabBarController.swift */,
				A9F7A5621DEC05B3007B5D71 /* DesignableTextField.swift */,
				A9F7A5631DEC05B3007B5D71 /* DesignableTextView.swift */,
				A9F7A5641DEC05B3007B5D71 /* DesignableView.swift */,
				A9F7A5651DEC05B3007B5D71 /* ImageLoader.swift */,
				A9F7A5661DEC05B3007B5D71 /* KeyboardLayoutConstraint.swift */,
				A9F7A5671DEC05B3007B5D71 /* LoadingView.swift */,
				A9F7A5681DEC05B3007B5D71 /* Misc.swift */,
				A9F7A5691DEC05B3007B5D71 /* SoundPlayer.swift */,
				A9F7A56A1DEC05B3007B5D71 /* Spring.swift */,
				A9F7A56B1DEC05B3007B5D71 /* SpringAnimation.swift */,
				A9F7A56C1DEC05B3007B5D71 /* SpringButton.swift */,
				A9F7A56D1DEC05B3007B5D71 /* SpringImageView.swift */,
				A9F7A56E1DEC05B3007B5D71 /* SpringLabel.swift */,
				A9F7A56F1DEC05B3007B5D71 /* SpringTextField.swift */,
				A9F7A5701DEC05B3007B5D71 /* SpringTextView.swift */,
				A9F7A5711DEC05B3007B5D71 /* SpringView.swift */,
				A9F7A5721DEC05B3007B5D71 /* TransitionManager.swift */,
				A9F7A5731DEC05B3007B5D71 /* TransitionZoom.swift */,
				A9F7A5741DEC05B3007B5D71 /* UnwindSegue.swift */,
			);
			path = Spring;
			sourceTree = "<group>";
		};
		A90F28DF1DEC040200A68052 /* Frameworks */ = {
			isa = PBXGroup;
			children = (
				A9070C941DEA1992000B94D0 /* JBChartView */,
				A90F28DE1DEC03AA00A68052 /* Spring */,
			);
			name = Frameworks;
			sourceTree = "<group>";
		};
/* End PBXGroup section */

/* Begin PBXNativeTarget section */
		A9070C551DEA108C000B94D0 /* Weather */ = {
			isa = PBXNativeTarget;
			buildConfigurationList = A9070C7E1DEA108C000B94D0 /* Build configuration list for PBXNativeTarget "Weather" */;
			buildPhases = (
				A9070C521DEA108C000B94D0 /* Sources */,
				A9070C531DEA108C000B94D0 /* Frameworks */,
				A9070C541DEA108C000B94D0 /* Resources */,
				A9070C8A1DEA1237000B94D0 /* Embed Frameworks */,
			);
			buildRules = (
			);
			dependencies = (
			);
			name = Weather;
			productName = Weather;
			productReference = A9070C561DEA108C000B94D0 /* Weather.app */;
			productType = "com.apple.product-type.application";
		};
		A9070C691DEA108C000B94D0 /* WeatherTests */ = {
			isa = PBXNativeTarget;
			buildConfigurationList = A9070C811DEA108C000B94D0 /* Build configuration list for PBXNativeTarget "WeatherTests" */;
			buildPhases = (
				A9070C661DEA108C000B94D0 /* Sources */,
				A9070C671DEA108C000B94D0 /* Frameworks */,
				A9070C681DEA108C000B94D0 /* Resources */,
			);
			buildRules = (
			);
			dependencies = (
				A9070C6C1DEA108C000B94D0 /* PBXTargetDependency */,
			);
			name = WeatherTests;
			productName = WeatherTests;
			productReference = A9070C6A1DEA108C000B94D0 /* WeatherTests.xctest */;
			productType = "com.apple.product-type.bundle.unit-test";
		};
		A9070C741DEA108C000B94D0 /* WeatherUITests */ = {
			isa = PBXNativeTarget;
			buildConfigurationList = A9070C841DEA108C000B94D0 /* Build configuration list for PBXNativeTarget "WeatherUITests" */;
			buildPhases = (
				A9070C711DEA108C000B94D0 /* Sources */,
				A9070C721DEA108C000B94D0 /* Frameworks */,
				A9070C731DEA108C000B94D0 /* Resources */,
			);
			buildRules = (
			);
			dependencies = (
				A9070C771DEA108C000B94D0 /* PBXTargetDependency */,
			);
			name = WeatherUITests;
			productName = WeatherUITests;
			productReference = A9070C751DEA108C000B94D0 /* WeatherUITests.xctest */;
			productType = "com.apple.product-type.bundle.ui-testing";
		};
/* End PBXNativeTarget section */

/* Begin PBXProject section */
		A9070C4E1DEA108C000B94D0 /* Project object */ = {
			isa = PBXProject;
			attributes = {
				LastSwiftUpdateCheck = 0810;
				LastUpgradeCheck = 0810;
				ORGANIZATIONNAME = "Nathan Lambson";
				TargetAttributes = {
					A9070C551DEA108C000B94D0 = {
						CreatedOnToolsVersion = 8.1;
						DevelopmentTeam = 429BU58AR4;
						LastSwiftMigration = 0810;
						ProvisioningStyle = Automatic;
					};
					A9070C691DEA108C000B94D0 = {
						CreatedOnToolsVersion = 8.1;
						DevelopmentTeam = 429BU58AR4;
						ProvisioningStyle = Automatic;
						TestTargetID = A9070C551DEA108C000B94D0;
					};
					A9070C741DEA108C000B94D0 = {
						CreatedOnToolsVersion = 8.1;
						DevelopmentTeam = 429BU58AR4;
						ProvisioningStyle = Automatic;
						TestTargetID = A9070C551DEA108C000B94D0;
					};
				};
			};
			buildConfigurationList = A9070C511DEA108C000B94D0 /* Build configuration list for PBXProject "Weather" */;
			compatibilityVersion = "Xcode 3.2";
			developmentRegion = English;
			hasScannedForEncodings = 0;
			knownRegions = (
				en,
				Base,
			);
			mainGroup = A9070C4D1DEA108C000B94D0;
			productRefGroup = A9070C571DEA108C000B94D0 /* Products */;
			projectDirPath = "";
			projectRoot = "";
			targets = (
				A9070C551DEA108C000B94D0 /* Weather */,
				A9070C691DEA108C000B94D0 /* WeatherTests */,
				A9070C741DEA108C000B94D0 /* WeatherUITests */,
			);
		};
/* End PBXProject section */

/* Begin PBXResourcesBuildPhase section */
		A9070C541DEA108C000B94D0 /* Resources */ = {
			isa = PBXResourcesBuildPhase;
			buildActionMask = 2147483647;
			files = (
				A9070C9F1DEA1BF5000B94D0 /* WeatherStoryboard.storyboard in Resources */,
				A9070C641DEA108C000B94D0 /* LaunchScreen.storyboard in Resources */,
				A9070C611DEA108C000B94D0 /* Assets.xcassets in Resources */,
			);
			runOnlyForDeploymentPostprocessing = 0;
		};
		A9070C681DEA108C000B94D0 /* Resources */ = {
			isa = PBXResourcesBuildPhase;
			buildActionMask = 2147483647;
			files = (
			);
			runOnlyForDeploymentPostprocessing = 0;
		};
		A9070C731DEA108C000B94D0 /* Resources */ = {
			isa = PBXResourcesBuildPhase;
			buildActionMask = 2147483647;
			files = (
			);
			runOnlyForDeploymentPostprocessing = 0;
		};
/* End PBXResourcesBuildPhase section */

/* Begin PBXSourcesBuildPhase section */
		A9070C521DEA108C000B94D0 /* Sources */ = {
			isa = PBXSourcesBuildPhase;
			buildActionMask = 2147483647;
			files = (
				A9F7A5841DEC05B3007B5D71 /* SoundPlayer.swift in Sources */,
				A910F19A1DEA2B030033F1B5 /* WeatherSnapshot.swift in Sources */,
				A9F7A5881DEC05B3007B5D71 /* SpringImageView.swift in Sources */,
				A910F1881DEA27540033F1B5 /* JBLineChartDotsView.m in Sources */,
				A910F1981DEA27780033F1B5 /* JBLineChartView.m in Sources */,
				A9F7A5831DEC05B3007B5D71 /* Misc.swift in Sources */,
				A9F7A5791DEC05B3007B5D71 /* DesignableButton.swift in Sources */,
				A910F18F1DEA27600033F1B5 /* JBLineChartLinesView.m in Sources */,
				A9F7A5801DEC05B3007B5D71 /* ImageLoader.swift in Sources */,
				A910F18C1DEA275B0033F1B5 /* JBLineChartLine.m in Sources */,
				A9070CA11DEA1C3E000B94D0 /* WeatherViewController.swift in Sources */,
				A9F7A5751DEC05B3007B5D71 /* AsyncButton.swift in Sources */,
				A9F7A58F1DEC05B3007B5D71 /* UnwindSegue.swift in Sources */,
				A910F17C1DEA26F70033F1B5 /* NSMutableArray+JBStack.m in Sources */,
				A910F1921DEA276B0033F1B5 /* JBLineChartPoint.m in Sources */,
				A9F7A57B1DEC05B3007B5D71 /* DesignableLabel.swift in Sources */,
				A9F7A58E1DEC05B3007B5D71 /* TransitionZoom.swift in Sources */,
				A9F7A5891DEC05B3007B5D71 /* SpringLabel.swift in Sources */,
				A9F7A58D1DEC05B3007B5D71 /* TransitionManager.swift in Sources */,
				A910F1801DEA272E0033F1B5 /* JBChartView.m in Sources */,
				A9070C5A1DEA108C000B94D0 /* AppDelegate.swift in Sources */,
				A910F1831DEA27470033F1B5 /* JBGradientLineLayer.m in Sources */,
				A9F7A57A1DEC05B3007B5D71 /* DesignableImageView.swift in Sources */,
				A9F7A5861DEC05B3007B5D71 /* SpringAnimation.swift in Sources */,
				A9F7A57C1DEC05B3007B5D71 /* DesignableTabBarController.swift in Sources */,
				A9F7A57F1DEC05B3007B5D71 /* DesignableView.swift in Sources */,
				A9F7A5771DEC05B3007B5D71 /* AutoTextView.swift in Sources */,
				A9F7A57E1DEC05B3007B5D71 /* DesignableTextView.swift in Sources */,
				A910F1891DEA27540033F1B5 /* JBLineChartDotView.m in Sources */,
				A9F7A5761DEC05B3007B5D71 /* AsyncImageView.swift in Sources */,
				A9F7A57D1DEC05B3007B5D71 /* DesignableTextField.swift in Sources */,
				A9F7A58B1DEC05B3007B5D71 /* SpringTextView.swift in Sources */,
				A99E221D1DEAE59F00AC23A8 /* MinuteForecast.swift in Sources */,
				A9F7A58A1DEC05B3007B5D71 /* SpringTextField.swift in Sources */,
				A9F7A5851DEC05B3007B5D71 /* Spring.swift in Sources */,
				A9F7A5781DEC05B3007B5D71 /* BlurView.swift in Sources */,
				A9F7A5821DEC05B3007B5D71 /* LoadingView.swift in Sources */,
				A9F7A5871DEC05B3007B5D71 /* SpringButton.swift in Sources */,
				A9F7A5811DEC05B3007B5D71 /* KeyboardLayoutConstraint.swift in Sources */,
				A910F1951DEA27700033F1B5 /* JBShapeLineLayer.m in Sources */,
				A910F19C1DEA2F090033F1B5 /* Networking.swift in Sources */,
				A9F7A58C1DEC05B3007B5D71 /* SpringView.swift in Sources */,
			);
			runOnlyForDeploymentPostprocessing = 0;
		};
		A9070C661DEA108C000B94D0 /* Sources */ = {
			isa = PBXSourcesBuildPhase;
			buildActionMask = 2147483647;
			files = (
				A9070C6F1DEA108C000B94D0 /* WeatherTests.swift in Sources */,
			);
			runOnlyForDeploymentPostprocessing = 0;
		};
		A9070C711DEA108C000B94D0 /* Sources */ = {
			isa = PBXSourcesBuildPhase;
			buildActionMask = 2147483647;
			files = (
				A9070C7A1DEA108C000B94D0 /* WeatherUITests.swift in Sources */,
			);
			runOnlyForDeploymentPostprocessing = 0;
		};
/* End PBXSourcesBuildPhase section */

/* Begin PBXTargetDependency section */
		A9070C6C1DEA108C000B94D0 /* PBXTargetDependency */ = {
			isa = PBXTargetDependency;
			target = A9070C551DEA108C000B94D0 /* Weather */;
			targetProxy = A9070C6B1DEA108C000B94D0 /* PBXContainerItemProxy */;
		};
		A9070C771DEA108C000B94D0 /* PBXTargetDependency */ = {
			isa = PBXTargetDependency;
			target = A9070C551DEA108C000B94D0 /* Weather */;
			targetProxy = A9070C761DEA108C000B94D0 /* PBXContainerItemProxy */;
		};
/* End PBXTargetDependency section */

/* Begin PBXVariantGroup section */
		A9070C621DEA108C000B94D0 /* LaunchScreen.storyboard */ = {
			isa = PBXVariantGroup;
			children = (
				A9070C631DEA108C000B94D0 /* Base */,
			);
			name = LaunchScreen.storyboard;
			sourceTree = "<group>";
		};
/* End PBXVariantGroup section */

/* Begin XCBuildConfiguration section */
		A9070C7C1DEA108C000B94D0 /* Debug */ = {
			isa = XCBuildConfiguration;
			buildSettings = {
				ALWAYS_SEARCH_USER_PATHS = NO;
				CLANG_ANALYZER_NONNULL = YES;
				CLANG_CXX_LANGUAGE_STANDARD = "gnu++0x";
				CLANG_CXX_LIBRARY = "libc++";
				CLANG_ENABLE_MODULES = YES;
				CLANG_ENABLE_OBJC_ARC = YES;
				CLANG_WARN_BOOL_CONVERSION = YES;
				CLANG_WARN_CONSTANT_CONVERSION = YES;
				CLANG_WARN_DIRECT_OBJC_ISA_USAGE = YES_ERROR;
				CLANG_WARN_DOCUMENTATION_COMMENTS = YES;
				CLANG_WARN_EMPTY_BODY = YES;
				CLANG_WARN_ENUM_CONVERSION = YES;
				CLANG_WARN_INFINITE_RECURSION = YES;
				CLANG_WARN_INT_CONVERSION = YES;
				CLANG_WARN_OBJC_ROOT_CLASS = YES_ERROR;
				CLANG_WARN_SUSPICIOUS_MOVES = YES;
				CLANG_WARN_UNREACHABLE_CODE = YES;
				CLANG_WARN__DUPLICATE_METHOD_MATCH = YES;
				"CODE_SIGN_IDENTITY[sdk=iphoneos*]" = "iPhone Developer";
				COPY_PHASE_STRIP = NO;
				DEBUG_INFORMATION_FORMAT = dwarf;
				ENABLE_STRICT_OBJC_MSGSEND = YES;
				ENABLE_TESTABILITY = YES;
				GCC_C_LANGUAGE_STANDARD = gnu99;
				GCC_DYNAMIC_NO_PIC = NO;
				GCC_NO_COMMON_BLOCKS = YES;
				GCC_OPTIMIZATION_LEVEL = 0;
				GCC_PREPROCESSOR_DEFINITIONS = (
					"DEBUG=1",
					"$(inherited)",
				);
				GCC_WARN_64_TO_32_BIT_CONVERSION = YES;
				GCC_WARN_ABOUT_RETURN_TYPE = YES_ERROR;
				GCC_WARN_UNDECLARED_SELECTOR = YES;
				GCC_WARN_UNINITIALIZED_AUTOS = YES_AGGRESSIVE;
				GCC_WARN_UNUSED_FUNCTION = YES;
				GCC_WARN_UNUSED_VARIABLE = YES;
				IPHONEOS_DEPLOYMENT_TARGET = 10.1;
				MTL_ENABLE_DEBUG_INFO = YES;
				ONLY_ACTIVE_ARCH = YES;
				SDKROOT = iphoneos;
				SWIFT_ACTIVE_COMPILATION_CONDITIONS = DEBUG;
				SWIFT_OPTIMIZATION_LEVEL = "-Onone";
				SWIFT_VERSION = 3.0.1;
				TARGETED_DEVICE_FAMILY = "1,2";
			};
			name = Debug;
		};
		A9070C7D1DEA108C000B94D0 /* Release */ = {
			isa = XCBuildConfiguration;
			buildSettings = {
				ALWAYS_SEARCH_USER_PATHS = NO;
				CLANG_ANALYZER_NONNULL = YES;
				CLANG_CXX_LANGUAGE_STANDARD = "gnu++0x";
				CLANG_CXX_LIBRARY = "libc++";
				CLANG_ENABLE_MODULES = YES;
				CLANG_ENABLE_OBJC_ARC = YES;
				CLANG_WARN_BOOL_CONVERSION = YES;
				CLANG_WARN_CONSTANT_CONVERSION = YES;
				CLANG_WARN_DIRECT_OBJC_ISA_USAGE = YES_ERROR;
				CLANG_WARN_DOCUMENTATION_COMMENTS = YES;
				CLANG_WARN_EMPTY_BODY = YES;
				CLANG_WARN_ENUM_CONVERSION = YES;
				CLANG_WARN_INFINITE_RECURSION = YES;
				CLANG_WARN_INT_CONVERSION = YES;
				CLANG_WARN_OBJC_ROOT_CLASS = YES_ERROR;
				CLANG_WARN_SUSPICIOUS_MOVES = YES;
				CLANG_WARN_UNREACHABLE_CODE = YES;
				CLANG_WARN__DUPLICATE_METHOD_MATCH = YES;
				"CODE_SIGN_IDENTITY[sdk=iphoneos*]" = "iPhone Developer";
				COPY_PHASE_STRIP = NO;
				DEBUG_INFORMATION_FORMAT = "dwarf-with-dsym";
				ENABLE_NS_ASSERTIONS = NO;
				ENABLE_STRICT_OBJC_MSGSEND = YES;
				GCC_C_LANGUAGE_STANDARD = gnu99;
				GCC_NO_COMMON_BLOCKS = YES;
				GCC_WARN_64_TO_32_BIT_CONVERSION = YES;
				GCC_WARN_ABOUT_RETURN_TYPE = YES_ERROR;
				GCC_WARN_UNDECLARED_SELECTOR = YES;
				GCC_WARN_UNINITIALIZED_AUTOS = YES_AGGRESSIVE;
				GCC_WARN_UNUSED_FUNCTION = YES;
				GCC_WARN_UNUSED_VARIABLE = YES;
				IPHONEOS_DEPLOYMENT_TARGET = 10.1;
				MTL_ENABLE_DEBUG_INFO = NO;
				SDKROOT = iphoneos;
				SWIFT_OPTIMIZATION_LEVEL = "-Owholemodule";
				SWIFT_VERSION = 3.0.1;
				TARGETED_DEVICE_FAMILY = "1,2";
				VALIDATE_PRODUCT = YES;
			};
			name = Release;
		};
		A9070C7F1DEA108C000B94D0 /* Debug */ = {
			isa = XCBuildConfiguration;
			buildSettings = {
				ASSETCATALOG_COMPILER_APPICON_NAME = AppIcon;
				CLANG_ENABLE_MODULES = YES;
				DEVELOPMENT_TEAM = 429BU58AR4;
				INFOPLIST_FILE = Weather/Info.plist;
				IPHONEOS_DEPLOYMENT_TARGET = 9.0;
				LD_RUNPATH_SEARCH_PATHS = "$(inherited) @executable_path/Frameworks";
				PRODUCT_BUNDLE_IDENTIFIER = com.nlambson.Weather;
				PRODUCT_NAME = "$(TARGET_NAME)";
				SWIFT_OBJC_BRIDGING_HEADER = "Weather/Weather-Bridging-Header.h";
				SWIFT_OPTIMIZATION_LEVEL = "-Onone";
				SWIFT_VERSION = 3.0.1;
			};
			name = Debug;
		};
		A9070C801DEA108C000B94D0 /* Release */ = {
			isa = XCBuildConfiguration;
			buildSettings = {
				ASSETCATALOG_COMPILER_APPICON_NAME = AppIcon;
				CLANG_ENABLE_MODULES = YES;
				DEVELOPMENT_TEAM = 429BU58AR4;
				INFOPLIST_FILE = Weather/Info.plist;
				IPHONEOS_DEPLOYMENT_TARGET = 9.0;
				LD_RUNPATH_SEARCH_PATHS = "$(inherited) @executable_path/Frameworks";
				PRODUCT_BUNDLE_IDENTIFIER = com.nlambson.Weather;
				PRODUCT_NAME = "$(TARGET_NAME)";
				SWIFT_OBJC_BRIDGING_HEADER = "Weather/Weather-Bridging-Header.h";
				SWIFT_VERSION = 3.0.1;
			};
			name = Release;
		};
		A9070C821DEA108C000B94D0 /* Debug */ = {
			isa = XCBuildConfiguration;
			buildSettings = {
				ALWAYS_EMBED_SWIFT_STANDARD_LIBRARIES = YES;
				BUNDLE_LOADER = "$(TEST_HOST)";
				DEVELOPMENT_TEAM = 429BU58AR4;
				INFOPLIST_FILE = WeatherTests/Info.plist;
				LD_RUNPATH_SEARCH_PATHS = "$(inherited) @executable_path/Frameworks @loader_path/Frameworks";
				PRODUCT_BUNDLE_IDENTIFIER = com.nlambson.WeatherTests;
				PRODUCT_NAME = "$(TARGET_NAME)";
				SWIFT_VERSION = 3.0;
				TEST_HOST = "$(BUILT_PRODUCTS_DIR)/Weather.app/Weather";
			};
			name = Debug;
		};
		A9070C831DEA108C000B94D0 /* Release */ = {
			isa = XCBuildConfiguration;
			buildSettings = {
				ALWAYS_EMBED_SWIFT_STANDARD_LIBRARIES = YES;
				BUNDLE_LOADER = "$(TEST_HOST)";
				DEVELOPMENT_TEAM = 429BU58AR4;
				INFOPLIST_FILE = WeatherTests/Info.plist;
				LD_RUNPATH_SEARCH_PATHS = "$(inherited) @executable_path/Frameworks @loader_path/Frameworks";
				PRODUCT_BUNDLE_IDENTIFIER = com.nlambson.WeatherTests;
				PRODUCT_NAME = "$(TARGET_NAME)";
				SWIFT_VERSION = 3.0;
				TEST_HOST = "$(BUILT_PRODUCTS_DIR)/Weather.app/Weather";
			};
			name = Release;
		};
		A9070C851DEA108C000B94D0 /* Debug */ = {
			isa = XCBuildConfiguration;
			buildSettings = {
				ALWAYS_EMBED_SWIFT_STANDARD_LIBRARIES = YES;
				DEVELOPMENT_TEAM = 429BU58AR4;
				INFOPLIST_FILE = WeatherUITests/Info.plist;
				LD_RUNPATH_SEARCH_PATHS = "$(inherited) @executable_path/Frameworks @loader_path/Frameworks";
				PRODUCT_BUNDLE_IDENTIFIER = com.nlambson.WeatherUITests;
				PRODUCT_NAME = "$(TARGET_NAME)";
				SWIFT_VERSION = 3.0;
				TEST_TARGET_NAME = Weather;
			};
			name = Debug;
		};
		A9070C861DEA108C000B94D0 /* Release */ = {
			isa = XCBuildConfiguration;
			buildSettings = {
				ALWAYS_EMBED_SWIFT_STANDARD_LIBRARIES = YES;
				DEVELOPMENT_TEAM = 429BU58AR4;
				INFOPLIST_FILE = WeatherUITests/Info.plist;
				LD_RUNPATH_SEARCH_PATHS = "$(inherited) @executable_path/Frameworks @loader_path/Frameworks";
				PRODUCT_BUNDLE_IDENTIFIER = com.nlambson.WeatherUITests;
				PRODUCT_NAME = "$(TARGET_NAME)";
				SWIFT_VERSION = 3.0;
				TEST_TARGET_NAME = Weather;
			};
			name = Release;
		};
/* End XCBuildConfiguration section */

/* Begin XCConfigurationList section */
		A9070C511DEA108C000B94D0 /* Build configuration list for PBXProject "Weather" */ = {
			isa = XCConfigurationList;
			buildConfigurations = (
				A9070C7C1DEA108C000B94D0 /* Debug */,
				A9070C7D1DEA108C000B94D0 /* Release */,
			);
			defaultConfigurationIsVisible = 0;
			defaultConfigurationName = Release;
		};
		A9070C7E1DEA108C000B94D0 /* Build configuration list for PBXNativeTarget "Weather" */ = {
			isa = XCConfigurationList;
			buildConfigurations = (
				A9070C7F1DEA108C000B94D0 /* Debug */,
				A9070C801DEA108C000B94D0 /* Release */,
			);
			defaultConfigurationIsVisible = 0;
			defaultConfigurationName = Release;
		};
		A9070C811DEA108C000B94D0 /* Build configuration list for PBXNativeTarget "WeatherTests" */ = {
			isa = XCConfigurationList;
			buildConfigurations = (
				A9070C821DEA108C000B94D0 /* Debug */,
				A9070C831DEA108C000B94D0 /* Release */,
			);
			defaultConfigurationIsVisible = 0;
			defaultConfigurationName = Release;
		};
		A9070C841DEA108C000B94D0 /* Build configuration list for PBXNativeTarget "WeatherUITests" */ = {
			isa = XCConfigurationList;
			buildConfigurations = (
				A9070C851DEA108C000B94D0 /* Debug */,
				A9070C861DEA108C000B94D0 /* Release */,
			);
			defaultConfigurationIsVisible = 0;
			defaultConfigurationName = Release;
		};
/* End XCConfigurationList section */
	};
	rootObject = A9070C4E1DEA108C000B94D0 /* Project object */;
}
